
Microsoft Visual Studio Solution File, Format Version 12.00
# Visual Studio Version 17
VisualStudioVersion = 17.10.34928.147
MinimumVisualStudioVersion = 10.0.40219.1
Project("{FAE04EC0-301F-11D3-BF4B-00C04F79EFBC}") = "Pernos", "Pernos.csproj", "{091B5BF2-9DF6-44AF-8202-E76402636E8D}"
EndProject
Global
	GlobalSection(SolutionConfigurationPlatforms) = preSolution
		Debug|Any CPU = Debug|Any CPU
		Release|Any CPU = Release|Any CPU
	EndGlobalSection
	GlobalSection(ProjectConfigurationPlatforms) = postSolution
		{091B5BF2-9DF6-44AF-8202-E76402636E8D}.Debug|Any CPU.ActiveCfg = Debug|Any CPU
		{091B5BF2-9DF6-44AF-8202-E76402636E8D}.Debug|Any CPU.Build.0 = Debug|Any CPU
		{091B5BF2-9DF6-44AF-8202-E76402636E8D}.Release|Any CPU.ActiveCfg = Release|Any CPU
		{091B5BF2-9DF6-44AF-8202-E76402636E8D}.Release|Any CPU.Build.0 = Release|Any CPU
	EndGlobalSection
	GlobalSection(SolutionProperties) = preSolution
		HideSolutionNode = FALSE
	EndGlobalSection
	GlobalSection(ExtensibilityGlobals) = postSolution
		SolutionGuid = {0ADA9F87-208D-437B-A217-0A86A442D4D4}
	EndGlobalSection
EndGlobal
